
Microsoft Visual Studio Solution File, Format Version 12.00
# Visual Studio Version 16
VisualStudioVersion = 16.0.31702.278
MinimumVisualStudioVersion = 10.0.40219.1
Project("{FAE04EC0-301F-11D3-BF4B-00C04F79EFBC}") = "Commandergo v1.0", "Commandergo v1.0.csproj", "{5C7F4ABB-5FA5-437D-8E26-B6302A5863D4}"
EndProject
Global
	GlobalSection(SolutionConfigurationPlatforms) = preSolution
		Debug|Any CPU = Debug|Any CPU
		Release|Any CPU = Release|Any CPU
	EndGlobalSection
	GlobalSection(ProjectConfigurationPlatforms) = postSolution
		{5C7F4ABB-5FA5-437D-8E26-B6302A5863D4}.Debug|Any CPU.ActiveCfg = Debug|Any CPU
		{5C7F4ABB-5FA5-437D-8E26-B6302A5863D4}.Debug|Any CPU.Build.0 = Debug|Any CPU
		{5C7F4ABB-5FA5-437D-8E26-B6302A5863D4}.Release|Any CPU.ActiveCfg = Release|Any CPU
		{5C7F4ABB-5FA5-437D-8E26-B6302A5863D4}.Release|Any CPU.Build.0 = Release|Any CPU
	EndGlobalSection
	GlobalSection(SolutionProperties) = preSolution
		HideSolutionNode = FALSE
	EndGlobalSection
	GlobalSection(ExtensibilityGlobals) = postSolution
		SolutionGuid = {0CB63572-8BB5-472D-A15B-0555606E4E0C}
	EndGlobalSection
EndGlobal
